// !$*UTF8*$!
{
	archiveVersion = 1;
	classes = {
	};
	objectVersion = 46;
	objects = {

/* Begin PBXBuildFile section */
		DF17EF7D195D043E002ECABA /* main.cpp in Sources */ = {isa = PBXBuildFile; fileRef = DF17EF7C195D043E002ECABA /* main.cpp */; };
		DF17EF7F195D043E002ECABA /* LocalLibrary.cpp in Sources */ = {isa = PBXBuildFile; fileRef = DF17EF7E195D043E002ECABA /* LocalLibrary.cpp */; };
		DF17EF82195D043E002ECABA /* Makefile in Sources */ = {isa = PBXBuildFile; fileRef = DF17EF81195D043E002ECABA /* Makefile */; };
/* End PBXBuildFile section */

/* Begin PBXFileReference section */
		DF17EF79195D043E002ECABA /* Index */ = {isa = PBXFileReference; explicitFileType = "compiled.mach-o.executable"; includeInIndex = 0; path = Index; sourceTree = BUILT_PRODUCTS_DIR; };
		DF17EF7C195D043E002ECABA /* main.cpp */ = {isa = PBXFileReference; lastKnownFileType = sourcecode.cpp.cpp; path = main.cpp; sourceTree = "<group>"; };
		DF17EF7E195D043E002ECABA /* LocalLibrary.cpp */ = {isa = PBXFileReference; lastKnownFileType = sourcecode.cpp.cpp; path = LocalLibrary.cpp; sourceTree = "<group>"; };
		DF17EF80195D043E002ECABA /* LocalLibrary.h */ = {isa = PBXFileReference; lastKnownFileType = sourcecode.c.h; path = LocalLibrary.h; sourceTree = "<group>"; };
		DF17EF81195D043E002ECABA /* Makefile */ = {isa = PBXFileReference; lastKnownFileType = sourcecode.make; path = Makefile; sourceTree = "<group>"; };
		DF17EF84195D043E002ECABA /* Sketchbook.txt */ = {isa = PBXFileReference; lastKnownFileType = text; name = Sketchbook.txt; path = Sketchbook/Sketchbook.txt; sourceTree = "<group>"; };
		DF17EF86195D043F002ECABA /* Arduino Due.xcconfig */ = {isa = PBXFileReference; lastKnownFileType = text.xcconfig; name = "Arduino Due.xcconfig"; path = "Configurations/Arduino Due.xcconfig"; sourceTree = "<group>"; };
		DF17EF87195D043F002ECABA /* Arduino Duemilanove.xcconfig */ = {isa = PBXFileReference; lastKnownFileType = text.xcconfig; name = "Arduino Duemilanove.xcconfig"; path = "Configurations/Arduino Duemilanove.xcconfig"; sourceTree = "<group>"; };
		DF17EF88195D043F002ECABA /* Arduino Leonardo.xcconfig */ = {isa = PBXFileReference; lastKnownFileType = text.xcconfig; name = "Arduino Leonardo.xcconfig"; path = "Configurations/Arduino Leonardo.xcconfig"; sourceTree = "<group>"; };
		DF17EF89195D043F002ECABA /* Arduino Mega 2560.xcconfig */ = {isa = PBXFileReference; lastKnownFileType = text.xcconfig; name = "Arduino Mega 2560.xcconfig"; path = "Configurations/Arduino Mega 2560.xcconfig"; sourceTree = "<group>"; };
		DF17EF8A195D043F002ECABA /* Arduino Mini with ATmega328-3.3V.xcconfig */ = {isa = PBXFileReference; lastKnownFileType = text.xcconfig; name = "Arduino Mini with ATmega328-3.3V.xcconfig"; path = "Configurations/Arduino Mini with ATmega328-3.3V.xcconfig"; sourceTree = "<group>"; };
		DF17EF8B195D043F002ECABA /* Arduino Mini with ATmega328-5V.xcconfig */ = {isa = PBXFileReference; lastKnownFileType = text.xcconfig; name = "Arduino Mini with ATmega328-5V.xcconfig"; path = "Configurations/Arduino Mini with ATmega328-5V.xcconfig"; sourceTree = "<group>"; };
		DF17EF8C195D043F002ECABA /* Arduino Robot Control.xcconfig */ = {isa = PBXFileReference; lastKnownFileType = text.xcconfig; name = "Arduino Robot Control.xcconfig"; path = "Configurations/Arduino Robot Control.xcconfig"; sourceTree = "<group>"; };
		DF17EF8D195D043F002ECABA /* Arduino Robot Motor.xcconfig */ = {isa = PBXFileReference; lastKnownFileType = text.xcconfig; name = "Arduino Robot Motor.xcconfig"; path = "Configurations/Arduino Robot Motor.xcconfig"; sourceTree = "<group>"; };
		DF17EF8E195D043F002ECABA /* Arduino Uno.xcconfig */ = {isa = PBXFileReference; lastKnownFileType = text.xcconfig; name = "Arduino Uno.xcconfig"; path = "Configurations/Arduino Uno.xcconfig"; sourceTree = "<group>"; };
		DF17EF8F195D043F002ECABA /* Arduino Yun.xcconfig */ = {isa = PBXFileReference; lastKnownFileType = text.xcconfig; name = "Arduino Yun.xcconfig"; path = "Configurations/Arduino Yun.xcconfig"; sourceTree = "<group>"; };
		DF17EF90195D043F002ECABA /* chipKIT Uno32.xcconfig */ = {isa = PBXFileReference; lastKnownFileType = text.xcconfig; name = "chipKIT Uno32.xcconfig"; path = "Configurations/chipKIT Uno32.xcconfig"; sourceTree = "<group>"; };
		DF17EF91195D043F002ECABA /* chipKIT Max32.xcconfig */ = {isa = PBXFileReference; lastKnownFileType = text.xcconfig; name = "chipKIT Max32.xcconfig"; path = "Configurations/chipKIT Max32.xcconfig"; sourceTree = "<group>"; };
		DF17EF92195D043F002ECABA /* chipKIT uC32.xcconfig */ = {isa = PBXFileReference; lastKnownFileType = text.xcconfig; name = "chipKIT uC32.xcconfig"; path = "Configurations/chipKIT uC32.xcconfig"; sourceTree = "<group>"; };
		DF17EF93195D043F002ECABA /* DFRobot BLuno.xcconfig */ = {isa = PBXFileReference; lastKnownFileType = text.xcconfig; name = "DFRobot BLuno.xcconfig"; path = "Configurations/DFRobot BLuno.xcconfig"; sourceTree = "<group>"; };
		DF17EF94195D043F002ECABA /* Digispark Tiny Core.xcconfig */ = {isa = PBXFileReference; lastKnownFileType = text.xcconfig; name = "Digispark Tiny Core.xcconfig"; path = "Configurations/Digispark Tiny Core.xcconfig"; sourceTree = "<group>"; };
		DF17EF95195D043F002ECABA /* Experimeter Board with MSP430FR5739.xcconfig */ = {isa = PBXFileReference; lastKnownFileType = text.xcconfig; name = "Experimeter Board with MSP430FR5739.xcconfig"; path = "Configurations/Experimeter Board with MSP430FR5739.xcconfig"; sourceTree = "<group>"; };
		DF17EF96195D043F002ECABA /* LaunchPad Stellaris with LM4F120.xcconfig */ = {isa = PBXFileReference; lastKnownFileType = text.xcconfig; name = "LaunchPad Stellaris with LM4F120.xcconfig"; path = "Configurations/LaunchPad Stellaris with LM4F120.xcconfig"; sourceTree = "<group>"; };
		DF17EF97195D043F002ECABA /* LaunchPad Tiva C with TM4C123.xcconfig */ = {isa = PBXFileReference; lastKnownFileType = text.xcconfig; name = "LaunchPad Tiva C with TM4C123.xcconfig"; path = "Configurations/LaunchPad Tiva C with TM4C123.xcconfig"; sourceTree = "<group>"; };
		DF17EF98195D043F002ECABA /* LaunchPad Tiva C with TM4C129.xcconfig */ = {isa = PBXFileReference; lastKnownFileType = text.xcconfig; name = "LaunchPad Tiva C with TM4C129.xcconfig"; path = "Configurations/LaunchPad Tiva C with TM4C129.xcconfig"; sourceTree = "<group>"; };
		DF17EF99195D043F002ECABA /* LaunchPad with MSP430G2553.xcconfig */ = {isa = PBXFileReference; lastKnownFileType = text.xcconfig; name = "LaunchPad with MSP430G2553.xcconfig"; path = "Configurations/LaunchPad with MSP430G2553.xcconfig"; sourceTree = "<group>"; };
		DF17EF9A195D043F002ECABA /* LaunchPad with MSP430G2231.xcconfig */ = {isa = PBXFileReference; lastKnownFileType = text.xcconfig; name = "LaunchPad with MSP430G2231.xcconfig"; path = "Configurations/LaunchPad with MSP430G2231.xcconfig"; sourceTree = "<group>"; };
		DF17EF9B195D043F002ECABA /* LaunchPad with MSP430G2452.xcconfig */ = {isa = PBXFileReference; lastKnownFileType = text.xcconfig; name = "LaunchPad with MSP430G2452.xcconfig"; path = "Configurations/LaunchPad with MSP430G2452.xcconfig"; sourceTree = "<group>"; };
		DF17EF9C195D043F002ECABA /* LaunchPad with MSP430F5529.xcconfig */ = {isa = PBXFileReference; lastKnownFileType = text.xcconfig; name = "LaunchPad with MSP430F5529.xcconfig"; path = "Configurations/LaunchPad with MSP430F5529.xcconfig"; sourceTree = "<group>"; };
		DF17EF9D195D043F002ECABA /* LaunchPad with MSP430FR5969.xcconfig */ = {isa = PBXFileReference; lastKnownFileType = text.xcconfig; name = "LaunchPad with MSP430FR5969.xcconfig"; path = "Configurations/LaunchPad with MSP430FR5969.xcconfig"; sourceTree = "<group>"; };
		DF17EF9E195D043F002ECABA /* Maple Flash revision 3+.xcconfig */ = {isa = PBXFileReference; lastKnownFileType = text.xcconfig; name = "Maple Flash revision 3+.xcconfig"; path = "Configurations/Maple Flash revision 3+.xcconfig"; sourceTree = "<group>"; };
		DF17EF9F195D043F002ECABA /* Microduino Core with ATmega328-5V.xcconfig */ = {isa = PBXFileReference; lastKnownFileType = text.xcconfig; name = "Microduino Core with ATmega328-5V.xcconfig"; path = "Configurations/Microduino Core with ATmega328-5V.xcconfig"; sourceTree = "<group>"; };
		DF17EFA0195D043F002ECABA /* Microduino Core32u4 with ATmega328U4-5V.xcconfig */ = {isa = PBXFileReference; lastKnownFileType = text.xcconfig; name = "Microduino Core32u4 with ATmega328U4-5V.xcconfig"; path = "Configurations/Microduino Core32u4 with ATmega328U4-5V.xcconfig"; sourceTree = "<group>"; };
		DF17EFA1195D043F002ECABA /* Microduino Core+ with ATmega644-5V.xcconfig */ = {isa = PBXFileReference; lastKnownFileType = text.xcconfig; name = "Microduino Core+ with ATmega644-5V.xcconfig"; path = "Configurations/Microduino Core+ with ATmega644-5V.xcconfig"; sourceTree = "<group>"; };
		DF17EFA2195D043F002ECABA /* Sparkfun Uno.xcconfig */ = {isa = PBXFileReference; lastKnownFileType = text.xcconfig; name = "Sparkfun Uno.xcconfig"; path = "Configurations/Sparkfun Uno.xcconfig"; sourceTree = "<group>"; };
		DF17EFA3195D043F002ECABA /* Teensy 2.0.xcconfig */ = {isa = PBXFileReference; lastKnownFileType = text.xcconfig; name = "Teensy 2.0.xcconfig"; path = "Configurations/Teensy 2.0.xcconfig"; sourceTree = "<group>"; };
		DF17EFA4195D043F002ECABA /* Teensy 3.0.xcconfig */ = {isa = PBXFileReference; lastKnownFileType = text.xcconfig; name = "Teensy 3.0.xcconfig"; path = "Configurations/Teensy 3.0.xcconfig"; sourceTree = "<group>"; };
		DF17EFA5195D043F002ECABA /* Teensy 3.1.xcconfig */ = {isa = PBXFileReference; lastKnownFileType = text.xcconfig; name = "Teensy 3.1.xcconfig"; path = "Configurations/Teensy 3.1.xcconfig"; sourceTree = "<group>"; };
		DF17EFA6195D043F002ECABA /* Wiring S.xcconfig */ = {isa = PBXFileReference; lastKnownFileType = text.xcconfig; name = "Wiring S.xcconfig"; path = "Configurations/Wiring S.xcconfig"; sourceTree = "<group>"; };
		DF17EFA8195D043F002ECABA /* Arduino.mk */ = {isa = PBXFileReference; lastKnownFileType = text; name = Arduino.mk; path = Makefiles/Arduino.mk; sourceTree = "<group>"; };
		DF17EFA9195D043F002ECABA /* Arduino1.mk */ = {isa = PBXFileReference; lastKnownFileType = text; name = Arduino1.mk; path = Makefiles/Arduino1.mk; sourceTree = "<group>"; };
		DF17EFAA195D043F002ECABA /* Arduino15avr.mk */ = {isa = PBXFileReference; lastKnownFileType = text; name = Arduino15avr.mk; path = Makefiles/Arduino15avr.mk; sourceTree = "<group>"; };
		DF17EFAB195D043F002ECABA /* Arduino15sam.mk */ = {isa = PBXFileReference; lastKnownFileType = text; name = Arduino15sam.mk; path = Makefiles/Arduino15sam.mk; sourceTree = "<group>"; };
		DF17EFAC195D043F002ECABA /* Arduino23.mk */ = {isa = PBXFileReference; lastKnownFileType = text; name = Arduino23.mk; path = Makefiles/Arduino23.mk; sourceTree = "<group>"; };
		DF17EFAD195D043F002ECABA /* Digispark.mk */ = {isa = PBXFileReference; lastKnownFileType = text; name = Digispark.mk; path = Makefiles/Digispark.mk; sourceTree = "<group>"; };
		DF17EFAE195D043F002ECABA /* Energia430.mk */ = {isa = PBXFileReference; lastKnownFileType = text; name = Energia430.mk; path = Makefiles/Energia430.mk; sourceTree = "<group>"; };
		DF17EFAF195D043F002ECABA /* EnergiaLM4F.mk */ = {isa = PBXFileReference; lastKnownFileType = text; name = EnergiaLM4F.mk; path = Makefiles/EnergiaLM4F.mk; sourceTree = "<group>"; };
		DF17EFB0195D043F002ECABA /* MapleIDE.mk */ = {isa = PBXFileReference; lastKnownFileType = text; name = MapleIDE.mk; path = Makefiles/MapleIDE.mk; sourceTree = "<group>"; };
		DF17EFB1195D043F002ECABA /* Microduino.mk */ = {isa = PBXFileReference; lastKnownFileType = text; name = Microduino.mk; path = Makefiles/Microduino.mk; sourceTree = "<group>"; };
		DF17EFB2195D043F002ECABA /* Mpide.mk */ = {isa = PBXFileReference; lastKnownFileType = text; name = Mpide.mk; path = Makefiles/Mpide.mk; sourceTree = "<group>"; };
		DF17EFB3195D043F002ECABA /* Wiring.mk */ = {isa = PBXFileReference; lastKnownFileType = text; name = Wiring.mk; path = Makefiles/Wiring.mk; sourceTree = "<group>"; };
		DF17EFB4195D043F002ECABA /* Step1.mk */ = {isa = PBXFileReference; lastKnownFileType = text; name = Step1.mk; path = Makefiles/Step1.mk; sourceTree = "<group>"; };
		DF17EFB5195D043F002ECABA /* Step2.mk */ = {isa = PBXFileReference; lastKnownFileType = text; name = Step2.mk; path = Makefiles/Step2.mk; sourceTree = "<group>"; };
		DF17EFB6195D043F002ECABA /* Teensy.mk */ = {isa = PBXFileReference; lastKnownFileType = text; name = Teensy.mk; path = Makefiles/Teensy.mk; sourceTree = "<group>"; };
		DF17EFB7195D043F002ECABA /* Teensy2.mk */ = {isa = PBXFileReference; lastKnownFileType = text; name = Teensy2.mk; path = Makefiles/Teensy2.mk; sourceTree = "<group>"; };
		DF17EFB8195D043F002ECABA /* Teensy3.mk */ = {isa = PBXFileReference; lastKnownFileType = text; name = Teensy3.mk; path = Makefiles/Teensy3.mk; sourceTree = "<group>"; };
		DF17EFB9195D043F002ECABA /* Avrdude.mk */ = {isa = PBXFileReference; lastKnownFileType = text; name = Avrdude.mk; path = Makefiles/Avrdude.mk; sourceTree = "<group>"; };
		DF17EFBA195D043F002ECABA /* ReadMe.txt */ = {isa = PBXFileReference; lastKnownFileType = text; path = ReadMe.txt; sourceTree = "<group>"; };
		DF17EFBC195D043F002ECABA /* About.txt */ = {isa = PBXFileReference; lastKnownFileType = text; name = About.txt; path = About/About.txt; sourceTree = "<group>"; };
		DF17EFBE195D043F002ECABA /* reset.py */ = {isa = PBXFileReference; lastKnownFileType = text.script.python; name = reset.py; path = Utilities/reset.py; sourceTree = "<group>"; };
		DF17EFBF195D043F002ECABA /* serial1200.py */ = {isa = PBXFileReference; lastKnownFileType = text.script.python; name = serial1200.py; path = Utilities/serial1200.py; sourceTree = "<group>"; };
		DF17EFC0195D043F002ECABA /* embedXcode_prepare */ = {isa = PBXFileReference; lastKnownFileType = "compiled.mach-o.executable"; name = embedXcode_prepare; path = Utilities/embedXcode_prepare; sourceTree = "<group>"; };
		DF17EFC1195D043F002ECABA /* embedXcode_check */ = {isa = PBXFileReference; lastKnownFileType = "compiled.mach-o.executable"; name = embedXcode_check; path = Utilities/embedXcode_check; sourceTree = "<group>"; };
		DF17EFC2195D043F002ECABA /* embedXcode_chrono */ = {isa = PBXFileReference; lastKnownFileType = "compiled.mach-o.executable"; name = embedXcode_chrono; path = Utilities/embedXcode_chrono; sourceTree = "<group>"; };
		DF17EFC3195D043F002ECABA /* TemplateIcon.icns */ = {isa = PBXFileReference; lastKnownFileType = image.icns; name = TemplateIcon.icns; path = Utilities/TemplateIcon.icns; sourceTree = "<group>"; };
		DF17EFC4195D043F002ECABA /* CoolTermScript.scpt */ = {isa = PBXFileReference; lastKnownFileType = file; path = CoolTermScript.scpt; sourceTree = "<group>"; };
		DF17EFC5195D043F002ECABA /* Development.ino */ = {isa = PBXFileReference; lastKnownFileType = text; path = Development.ino; sourceTree = "<group>"; };
/* End PBXFileReference section */

/* Begin PBXGroup section */
		DF17EF6E195D043E002ECABA = {
			isa = PBXGroup;
			children = (
				DF17EF7B195D043E002ECABA /* Development */,
				DF17EF7A195D043E002ECABA /* Products */,
			);
			sourceTree = "<group>";
		};
		DF17EF7A195D043E002ECABA /* Products */ = {
			isa = PBXGroup;
			children = (
				DF17EF79195D043E002ECABA /* Index */,
			);
			name = Products;
			sourceTree = "<group>";
		};
		DF17EF7B195D043E002ECABA /* Development */ = {
			isa = PBXGroup;
			children = (
				DF17EF7C195D043E002ECABA /* main.cpp */,
				DF17EF7E195D043E002ECABA /* LocalLibrary.cpp */,
				DF17EF80195D043E002ECABA /* LocalLibrary.h */,
				DF17EF81195D043E002ECABA /* Makefile */,
				DF17EFBA195D043F002ECABA /* ReadMe.txt */,
				DF17EFC4195D043F002ECABA /* CoolTermScript.scpt */,
				DF17EFC5195D043F002ECABA /* Development.ino */,
				DF17EF83195D043E002ECABA /* Sketchbook */,
				DF17EF85195D043F002ECABA /* Configurations */,
				DF17EFA7195D043F002ECABA /* Makefiles */,
				DF17EFBB195D043F002ECABA /* About */,
				DF17EFBD195D043F002ECABA /* Utilities */,
			);
			path = Development;
			sourceTree = "<group>";
		};
		DF17EF83195D043E002ECABA /* Sketchbook */ = {
			isa = PBXGroup;
			children = (
				DF17EF84195D043E002ECABA /* Sketchbook.txt */,
			);
			name = Sketchbook;
			sourceTree = "<group>";
		};
		DF17EF85195D043F002ECABA /* Configurations */ = {
			isa = PBXGroup;
			children = (
				DF17EF86195D043F002ECABA /* Arduino Due.xcconfig */,
				DF17EF87195D043F002ECABA /* Arduino Duemilanove.xcconfig */,
				DF17EF88195D043F002ECABA /* Arduino Leonardo.xcconfig */,
				DF17EF89195D043F002ECABA /* Arduino Mega 2560.xcconfig */,
				DF17EF8A195D043F002ECABA /* Arduino Mini with ATmega328-3.3V.xcconfig */,
				DF17EF8B195D043F002ECABA /* Arduino Mini with ATmega328-5V.xcconfig */,
				DF17EF8C195D043F002ECABA /* Arduino Robot Control.xcconfig */,
				DF17EF8D195D043F002ECABA /* Arduino Robot Motor.xcconfig */,
				DF17EF8E195D043F002ECABA /* Arduino Uno.xcconfig */,
				DF17EF8F195D043F002ECABA /* Arduino Yun.xcconfig */,
				DF17EF90195D043F002ECABA /* chipKIT Uno32.xcconfig */,
				DF17EF91195D043F002ECABA /* chipKIT Max32.xcconfig */,
				DF17EF92195D043F002ECABA /* chipKIT uC32.xcconfig */,
				DF17EF93195D043F002ECABA /* DFRobot BLuno.xcconfig */,
				DF17EF94195D043F002ECABA /* Digispark Tiny Core.xcconfig */,
				DF17EF95195D043F002ECABA /* Experimeter Board with MSP430FR5739.xcconfig */,
				DF17EF96195D043F002ECABA /* LaunchPad Stellaris with LM4F120.xcconfig */,
				DF17EF97195D043F002ECABA /* LaunchPad Tiva C with TM4C123.xcconfig */,
				DF17EF98195D043F002ECABA /* LaunchPad Tiva C with TM4C129.xcconfig */,
				DF17EF99195D043F002ECABA /* LaunchPad with MSP430G2553.xcconfig */,
				DF17EF9A195D043F002ECABA /* LaunchPad with MSP430G2231.xcconfig */,
				DF17EF9B195D043F002ECABA /* LaunchPad with MSP430G2452.xcconfig */,
				DF17EF9C195D043F002ECABA /* LaunchPad with MSP430F5529.xcconfig */,
				DF17EF9D195D043F002ECABA /* LaunchPad with MSP430FR5969.xcconfig */,
				DF17EF9E195D043F002ECABA /* Maple Flash revision 3+.xcconfig */,
				DF17EF9F195D043F002ECABA /* Microduino Core with ATmega328-5V.xcconfig */,
				DF17EFA0195D043F002ECABA /* Microduino Core32u4 with ATmega328U4-5V.xcconfig */,
				DF17EFA1195D043F002ECABA /* Microduino Core+ with ATmega644-5V.xcconfig */,
				DF17EFA2195D043F002ECABA /* Sparkfun Uno.xcconfig */,
				DF17EFA3195D043F002ECABA /* Teensy 2.0.xcconfig */,
				DF17EFA4195D043F002ECABA /* Teensy 3.0.xcconfig */,
				DF17EFA5195D043F002ECABA /* Teensy 3.1.xcconfig */,
				DF17EFA6195D043F002ECABA /* Wiring S.xcconfig */,
			);
			name = Configurations;
			sourceTree = "<group>";
		};
		DF17EFA7195D043F002ECABA /* Makefiles */ = {
			isa = PBXGroup;
			children = (
				DF17EFA8195D043F002ECABA /* Arduino.mk */,
				DF17EFA9195D043F002ECABA /* Arduino1.mk */,
				DF17EFAA195D043F002ECABA /* Arduino15avr.mk */,
				DF17EFAB195D043F002ECABA /* Arduino15sam.mk */,
				DF17EFAC195D043F002ECABA /* Arduino23.mk */,
				DF17EFAD195D043F002ECABA /* Digispark.mk */,
				DF17EFAE195D043F002ECABA /* Energia430.mk */,
				DF17EFAF195D043F002ECABA /* EnergiaLM4F.mk */,
				DF17EFB0195D043F002ECABA /* MapleIDE.mk */,
				DF17EFB1195D043F002ECABA /* Microduino.mk */,
				DF17EFB2195D043F002ECABA /* Mpide.mk */,
				DF17EFB3195D043F002ECABA /* Wiring.mk */,
				DF17EFB4195D043F002ECABA /* Step1.mk */,
				DF17EFB5195D043F002ECABA /* Step2.mk */,
				DF17EFB6195D043F002ECABA /* Teensy.mk */,
				DF17EFB7195D043F002ECABA /* Teensy2.mk */,
				DF17EFB8195D043F002ECABA /* Teensy3.mk */,
				DF17EFB9195D043F002ECABA /* Avrdude.mk */,
			);
			name = Makefiles;
			sourceTree = "<group>";
		};
		DF17EFBB195D043F002ECABA /* About */ = {
			isa = PBXGroup;
			children = (
				DF17EFBC195D043F002ECABA /* About.txt */,
			);
			name = About;
			sourceTree = "<group>";
		};
		DF17EFBD195D043F002ECABA /* Utilities */ = {
			isa = PBXGroup;
			children = (
				DF17EFBE195D043F002ECABA /* reset.py */,
				DF17EFBF195D043F002ECABA /* serial1200.py */,
				DF17EFC0195D043F002ECABA /* embedXcode_prepare */,
				DF17EFC1195D043F002ECABA /* embedXcode_check */,
				DF17EFC2195D043F002ECABA /* embedXcode_chrono */,
				DF17EFC3195D043F002ECABA /* TemplateIcon.icns */,
			);
			name = Utilities;
			sourceTree = "<group>";
		};
/* End PBXGroup section */

/* Begin PBXLegacyTarget section */
		DF17EF73195D043E002ECABA /* All */ = {
			isa = PBXLegacyTarget;
			buildArgumentsString = "all -C \"$(PROJECT)\"";
			buildConfigurationList = DF17EFC8195D043F002ECABA /* Build configuration list for PBXLegacyTarget "All" */;
			buildPhases = (
			);
			buildToolPath = make;
			dependencies = (
			);
			name = All;
			passBuildSettingsInEnvironment = 1;
			productName = All;
		};
		DF17EF74195D043E002ECABA /* Build */ = {
			isa = PBXLegacyTarget;
			buildArgumentsString = "build -C \"$(PROJECT)\"";
			buildConfigurationList = DF17EFCB195D043F002ECABA /* Build configuration list for PBXLegacyTarget "Build" */;
			buildPhases = (
			);
			buildToolPath = make;
			dependencies = (
			);
			name = Build;
			passBuildSettingsInEnvironment = 1;
			productName = Build;
		};
		DF17EF75195D043E002ECABA /* Serial */ = {
			isa = PBXLegacyTarget;
			buildArgumentsString = "serial -C \"$(PROJECT)\"";
			buildConfigurationList = DF17EFCE195D043F002ECABA /* Build configuration list for PBXLegacyTarget "Serial" */;
			buildPhases = (
			);
			buildToolPath = make;
			dependencies = (
			);
			name = Serial;
			passBuildSettingsInEnvironment = 1;
			productName = Serial;
		};
		DF17EF76195D043E002ECABA /* Upload */ = {
			isa = PBXLegacyTarget;
			buildArgumentsString = "upload -C \"$(PROJECT)\"";
			buildConfigurationList = DF17EFD1195D043F002ECABA /* Build configuration list for PBXLegacyTarget "Upload" */;
			buildPhases = (
			);
			buildToolPath = make;
			dependencies = (
			);
			name = Upload;
			passBuildSettingsInEnvironment = 1;
			productName = Upload;
		};
/* End PBXLegacyTarget section */

/* Begin PBXNativeTarget section */
		DF17EF78195D043E002ECABA /* Index */ = {
			isa = PBXNativeTarget;
			buildConfigurationList = DF17EFD4195D043F002ECABA /* Build configuration list for PBXNativeTarget "Index" */;
			buildPhases = (
				DF17EF77195D043E002ECABA /* Sources */,
			);
			buildRules = (
			);
			dependencies = (
			);
			name = Index;
			productName = Index;
			productReference = DF17EF79195D043E002ECABA /* Index */;
			productType = "com.apple.product-type.tool";
		};
/* End PBXNativeTarget section */

/* Begin PBXProject section */
		DF17EF6F195D043E002ECABA /* Project object */ = {
			isa = PBXProject;
			attributes = {
				LastUpgradeCheck = 0510;
				ORGANIZATIONNAME = "Rahul Salvi";
			};
			buildConfigurationList = DF17EF72195D043E002ECABA /* Build configuration list for PBXProject "Development" */;
			compatibilityVersion = "Xcode 3.2";
			developmentRegion = English;
			hasScannedForEncodings = 0;
			knownRegions = (
				en,
			);
			mainGroup = DF17EF6E195D043E002ECABA;
			productRefGroup = DF17EF7A195D043E002ECABA /* Products */;
			projectDirPath = "";
			projectRoot = "";
			targets = (
				DF17EF73195D043E002ECABA /* All */,
				DF17EF74195D043E002ECABA /* Build */,
				DF17EF75195D043E002ECABA /* Serial */,
				DF17EF76195D043E002ECABA /* Upload */,
				DF17EF78195D043E002ECABA /* Index */,
			);
		};
/* End PBXProject section */

/* Begin PBXSourcesBuildPhase section */
		DF17EF77195D043E002ECABA /* Sources */ = {
			isa = PBXSourcesBuildPhase;
			buildActionMask = 2147483647;
			files = (
				DF17EF82195D043E002ECABA /* Makefile in Sources */,
				DF17EF7D195D043E002ECABA /* main.cpp in Sources */,
				DF17EF7F195D043E002ECABA /* LocalLibrary.cpp in Sources */,
			);
			runOnlyForDeploymentPostprocessing = 0;
		};
/* End PBXSourcesBuildPhase section */

/* Begin XCBuildConfiguration section */
		DF17EFC6195D043F002ECABA /* Debug */ = {
			isa = XCBuildConfiguration;
			baseConfigurationReference = DF17EF86195D043F002ECABA /* Arduino Due.xcconfig */;
			buildSettings = {
				ALWAYS_SEARCH_USER_PATHS = NO;
				CLANG_CXX_LANGUAGE_STANDARD = "gnu++0x";
				CLANG_CXX_LIBRARY = "libc++";
				CLANG_ENABLE_MODULES = YES;
				CLANG_ENABLE_OBJC_ARC = YES;
				CLANG_WARN_BOOL_CONVERSION = YES;
				CLANG_WARN_CONSTANT_CONVERSION = YES;
				CLANG_WARN_DIRECT_OBJC_ISA_USAGE = YES_ERROR;
				CLANG_WARN_EMPTY_BODY = YES;
				CLANG_WARN_ENUM_CONVERSION = YES;
				CLANG_WARN_INT_CONVERSION = YES;
				CLANG_WARN_OBJC_ROOT_CLASS = YES_ERROR;
				CLANG_WARN__DUPLICATE_METHOD_MATCH = YES;
				COPY_PHASE_STRIP = NO;
				GCC_C_LANGUAGE_STANDARD = gnu99;
				GCC_DYNAMIC_NO_PIC = NO;
				GCC_OPTIMIZATION_LEVEL = 0;
				GCC_PREPROCESSOR_DEFINITIONS = (
					"DEBUG=1",
					"$(inherited)",
				);
				GCC_SYMBOLS_PRIVATE_EXTERN = NO;
				GCC_WARN_64_TO_32_BIT_CONVERSION = YES;
				GCC_WARN_ABOUT_RETURN_TYPE = YES_ERROR;
				GCC_WARN_UNDECLARED_SELECTOR = YES;
				GCC_WARN_UNINITIALIZED_AUTOS = YES_AGGRESSIVE;
				GCC_WARN_UNUSED_FUNCTION = YES;
				GCC_WARN_UNUSED_VARIABLE = YES;
				HEADER_SEARCH_PATHS = "$(inherited)";
				PATH = "$(PATH):$(PROJECT_DIR)";
				PRODUCT_NAME = "$(TARGET_NAME)";
				SKETCHBOOK_DIR = /Documents/Arduino/;
				SKETCH_EXTENSION = ino;
			};
			name = Debug;
		};
		DF17EFC7195D043F002ECABA /* Release */ = {
			isa = XCBuildConfiguration;
			buildSettings = {
				ALWAYS_SEARCH_USER_PATHS = NO;
				CLANG_CXX_LANGUAGE_STANDARD = "gnu++0x";
				CLANG_CXX_LIBRARY = "libc++";
				CLANG_ENABLE_MODULES = YES;
				CLANG_ENABLE_OBJC_ARC = YES;
				CLANG_WARN_BOOL_CONVERSION = YES;
				CLANG_WARN_CONSTANT_CONVERSION = YES;
				CLANG_WARN_DIRECT_OBJC_ISA_USAGE = YES_ERROR;
				CLANG_WARN_EMPTY_BODY = YES;
				CLANG_WARN_ENUM_CONVERSION = YES;
				CLANG_WARN_INT_CONVERSION = YES;
				CLANG_WARN_OBJC_ROOT_CLASS = YES_ERROR;
				CLANG_WARN__DUPLICATE_METHOD_MATCH = YES;
				COPY_PHASE_STRIP = YES;
				ENABLE_NS_ASSERTIONS = NO;
				GCC_C_LANGUAGE_STANDARD = gnu99;
				GCC_WARN_64_TO_32_BIT_CONVERSION = YES;
				GCC_WARN_ABOUT_RETURN_TYPE = YES_ERROR;
				GCC_WARN_UNDECLARED_SELECTOR = YES;
				GCC_WARN_UNINITIALIZED_AUTOS = YES_AGGRESSIVE;
				GCC_WARN_UNUSED_FUNCTION = YES;
				GCC_WARN_UNUSED_VARIABLE = YES;
				HEADER_SEARCH_PATHS = "$(inherited)";
				PATH = "$(PATH):$(PROJECT_DIR)";
				PRODUCT_NAME = "$(TARGET_NAME)";
				SKETCHBOOK_DIR = /Documents/Arduino/;
				SKETCH_EXTENSION = ino;
			};
			name = Release;
		};
		DF17EFC9195D043F002ECABA /* Debug */ = {
			isa = XCBuildConfiguration;
			buildSettings = {
				PRODUCT_NAME = "$(TARGET_NAME)";
			};
			name = Debug;
		};
		DF17EFCA195D043F002ECABA /* Release */ = {
			isa = XCBuildConfiguration;
			buildSettings = {
				PRODUCT_NAME = "$(TARGET_NAME)";
			};
			name = Release;
		};
		DF17EFCC195D043F002ECABA /* Debug */ = {
			isa = XCBuildConfiguration;
			buildSettings = {
			};
			name = Debug;
		};
		DF17EFCD195D043F002ECABA /* Release */ = {
			isa = XCBuildConfiguration;
			buildSettings = {
			};
			name = Release;
		};
		DF17EFCF195D043F002ECABA /* Debug */ = {
			isa = XCBuildConfiguration;
			buildSettings = {
			};
			name = Debug;
		};
		DF17EFD0195D043F002ECABA /* Release */ = {
			isa = XCBuildConfiguration;
			buildSettings = {
			};
			name = Release;
		};
		DF17EFD2195D043F002ECABA /* Debug */ = {
			isa = XCBuildConfiguration;
			buildSettings = {
			};
			name = Debug;
		};
		DF17EFD3195D043F002ECABA /* Release */ = {
			isa = XCBuildConfiguration;
			buildSettings = {
			};
			name = Release;
		};
		DF17EFD5195D043F002ECABA /* Debug */ = {
			isa = XCBuildConfiguration;
			buildSettings = {
			};
			name = Debug;
		};
		DF17EFD6195D043F002ECABA /* Release */ = {
			isa = XCBuildConfiguration;
			buildSettings = {
			};
			name = Release;
		};
/* End XCBuildConfiguration section */

/* Begin XCConfigurationList section */
		DF17EF72195D043E002ECABA /* Build configuration list for PBXProject "Development" */ = {
			isa = XCConfigurationList;
			buildConfigurations = (
				DF17EFC6195D043F002ECABA /* Debug */,
				DF17EFC7195D043F002ECABA /* Release */,
			);
			defaultConfigurationIsVisible = 0;
			defaultConfigurationName = Release;
		};
		DF17EFC8195D043F002ECABA /* Build configuration list for PBXLegacyTarget "All" */ = {
			isa = XCConfigurationList;
			buildConfigurations = (
				DF17EFC9195D043F002ECABA /* Debug */,
				DF17EFCA195D043F002ECABA /* Release */,
			);
			defaultConfigurationIsVisible = 0;
		};
		DF17EFCB195D043F002ECABA /* Build configuration list for PBXLegacyTarget "Build" */ = {
			isa = XCConfigurationList;
			buildConfigurations = (
				DF17EFCC195D043F002ECABA /* Debug */,
				DF17EFCD195D043F002ECABA /* Release */,
			);
			defaultConfigurationIsVisible = 0;
		};
		DF17EFCE195D043F002ECABA /* Build configuration list for PBXLegacyTarget "Serial" */ = {
			isa = XCConfigurationList;
			buildConfigurations = (
				DF17EFCF195D043F002ECABA /* Debug */,
				DF17EFD0195D043F002ECABA /* Release */,
			);
			defaultConfigurationIsVisible = 0;
		};
		DF17EFD1195D043F002ECABA /* Build configuration list for PBXLegacyTarget "Upload" */ = {
			isa = XCConfigurationList;
			buildConfigurations = (
				DF17EFD2195D043F002ECABA /* Debug */,
				DF17EFD3195D043F002ECABA /* Release */,
			);
			defaultConfigurationIsVisible = 0;
		};
		DF17EFD4195D043F002ECABA /* Build configuration list for PBXNativeTarget "Index" */ = {
			isa = XCConfigurationList;
			buildConfigurations = (
				DF17EFD5195D043F002ECABA /* Debug */,
				DF17EFD6195D043F002ECABA /* Release */,
			);
			defaultConfigurationIsVisible = 0;
		};
/* End XCConfigurationList section */
	};
	rootObject = DF17EF6F195D043E002ECABA /* Project object */;
}
